
Microsoft Visual Studio Solution File, Format Version 12.00
# Visual Studio Version 16
VisualStudioVersion = 16.0.32929.386
MinimumVisualStudioVersion = 10.0.40219.1
Project("{FAE04EC0-301F-11D3-BF4B-00C04F79EFBC}") = "HLHKGroundStation", "HLHKGroundStation.csproj", "{1EBE52F0-00F1-46CF-A565-CD3E42A63857}"
EndProject
Project("{FAE04EC0-301F-11D3-BF4B-00C04F79EFBC}") = "GMap.NET.Core", "GMap\GMap.NET.Core\GMap.NET.Core.csproj", "{D0C39D9D-BED0-418B-9A5E-713176CAF40C}"
EndProject
Project("{FAE04EC0-301F-11D3-BF4B-00C04F79EFBC}") = "GMap.NET.WindowsForms", "GMap\GMap.NET.WindowsForms\GMap.NET.WindowsForms.csproj", "{E06DEF77-F933-42FB-AFD7-DB2D0D8D6A98}"
EndProject
Project("{FAE04EC0-301F-11D3-BF4B-00C04F79EFBC}") = "AttitudeInstrument", "AttitudeInstrument\AttitudeInstrument.csproj", "{2B139BB1-1A26-463C-87A1-9FB9CE9C0BC6}"
EndProject
Project("{9A19103F-16F7-4668-BE54-9A1E7A4F7556}") = "MAVLink", "Mavlink\MAVLink.csproj", "{20296734-5F3C-4593-A0D5-DD20B440B13A}"
EndProject
Project("{FAE04EC0-301F-11D3-BF4B-00C04F79EFBC}") = "MAVTOOL", "MAVTOOL\MAVTOOL.csproj", "{5BF99E99-676B-4DEC-A3F8-5F980AF16748}"
EndProject
Project("{2150E333-8FDC-42A3-9474-1A3956D46DE8}") = "GMap", "GMap", "{807E4BED-1ED4-4BFF-ACF8-B61C987AD8BE}"
EndProject
Project("{2150E333-8FDC-42A3-9474-1A3956D46DE8}") = "MAVTOOL", "MAVTOOL", "{CF9EF670-709C-45A3-9A36-017576B40C36}"
EndProject
Project("{2150E333-8FDC-42A3-9474-1A3956D46DE8}") = "ThirdControl", "ThirdControl", "{44F34115-DAC9-41EC-8E8B-24784BD68FBE}"
	ProjectSection(SolutionItems) = preProject
		TabPadding.cs = TabPadding.cs
	EndProjectSection
EndProject
Global
	GlobalSection(SolutionConfigurationPlatforms) = preSolution
		Debug|Any CPU = Debug|Any CPU
		Debug|x64 = Debug|x64
		Debug|x86 = Debug|x86
		Release|Any CPU = Release|Any CPU
		Release|x64 = Release|x64
		Release|x86 = Release|x86
	EndGlobalSection
	GlobalSection(ProjectConfigurationPlatforms) = postSolution
		{1EBE52F0-00F1-46CF-A565-CD3E42A63857}.Debug|Any CPU.ActiveCfg = Debug|Any CPU
		{1EBE52F0-00F1-46CF-A565-CD3E42A63857}.Debug|Any CPU.Build.0 = Debug|Any CPU
		{1EBE52F0-00F1-46CF-A565-CD3E42A63857}.Debug|x64.ActiveCfg = Debug|Any CPU
		{1EBE52F0-00F1-46CF-A565-CD3E42A63857}.Debug|x64.Build.0 = Debug|Any CPU
		{1EBE52F0-00F1-46CF-A565-CD3E42A63857}.Debug|x86.ActiveCfg = Debug|Any CPU
		{1EBE52F0-00F1-46CF-A565-CD3E42A63857}.Debug|x86.Build.0 = Debug|Any CPU
		{1EBE52F0-00F1-46CF-A565-CD3E42A63857}.Release|Any CPU.ActiveCfg = Release|Any CPU
		{1EBE52F0-00F1-46CF-A565-CD3E42A63857}.Release|Any CPU.Build.0 = Release|Any CPU
		{1EBE52F0-00F1-46CF-A565-CD3E42A63857}.Release|x64.ActiveCfg = Release|Any CPU
		{1EBE52F0-00F1-46CF-A565-CD3E42A63857}.Release|x64.Build.0 = Release|Any CPU
		{1EBE52F0-00F1-46CF-A565-CD3E42A63857}.Release|x86.ActiveCfg = Release|Any CPU
		{1EBE52F0-00F1-46CF-A565-CD3E42A63857}.Release|x86.Build.0 = Release|Any CPU
		{D0C39D9D-BED0-418B-9A5E-713176CAF40C}.Debug|Any CPU.ActiveCfg = Debug|Any CPU
		{D0C39D9D-BED0-418B-9A5E-713176CAF40C}.Debug|Any CPU.Build.0 = Debug|Any CPU
		{D0C39D9D-BED0-418B-9A5E-713176CAF40C}.Debug|x64.ActiveCfg = Debug|Any CPU
		{D0C39D9D-BED0-418B-9A5E-713176CAF40C}.Debug|x64.Build.0 = Debug|Any CPU
		{D0C39D9D-BED0-418B-9A5E-713176CAF40C}.Debug|x86.ActiveCfg = Debug|Any CPU
		{D0C39D9D-BED0-418B-9A5E-713176CAF40C}.Debug|x86.Build.0 = Debug|Any CPU
		{D0C39D9D-BED0-418B-9A5E-713176CAF40C}.Release|Any CPU.ActiveCfg = Release|Any CPU
		{D0C39D9D-BED0-418B-9A5E-713176CAF40C}.Release|Any CPU.Build.0 = Release|Any CPU
		{D0C39D9D-BED0-418B-9A5E-713176CAF40C}.Release|x64.ActiveCfg = Release|Any CPU
		{D0C39D9D-BED0-418B-9A5E-713176CAF40C}.Release|x64.Build.0 = Release|Any CPU
		{D0C39D9D-BED0-418B-9A5E-713176CAF40C}.Release|x86.ActiveCfg = Release|Any CPU
		{D0C39D9D-BED0-418B-9A5E-713176CAF40C}.Release|x86.Build.0 = Release|Any CPU
		{E06DEF77-F933-42FB-AFD7-DB2D0D8D6A98}.Debug|Any CPU.ActiveCfg = Debug|Any CPU
		{E06DEF77-F933-42FB-AFD7-DB2D0D8D6A98}.Debug|Any CPU.Build.0 = Debug|Any CPU
		{E06DEF77-F933-42FB-AFD7-DB2D0D8D6A98}.Debug|x64.ActiveCfg = Debug|Any CPU
		{E06DEF77-F933-42FB-AFD7-DB2D0D8D6A98}.Debug|x64.Build.0 = Debug|Any CPU
		{E06DEF77-F933-42FB-AFD7-DB2D0D8D6A98}.Debug|x86.ActiveCfg = Debug|Any CPU
		{E06DEF77-F933-42FB-AFD7-DB2D0D8D6A98}.Debug|x86.Build.0 = Debug|Any CPU
		{E06DEF77-F933-42FB-AFD7-DB2D0D8D6A98}.Release|Any CPU.ActiveCfg = Release|Any CPU
		{E06DEF77-F933-42FB-AFD7-DB2D0D8D6A98}.Release|Any CPU.Build.0 = Release|Any CPU
		{E06DEF77-F933-42FB-AFD7-DB2D0D8D6A98}.Release|x64.ActiveCfg = Release|Any CPU
		{E06DEF77-F933-42FB-AFD7-DB2D0D8D6A98}.Release|x64.Build.0 = Release|Any CPU
		{E06DEF77-F933-42FB-AFD7-DB2D0D8D6A98}.Release|x86.ActiveCfg = Release|Any CPU
		{E06DEF77-F933-42FB-AFD7-DB2D0D8D6A98}.Release|x86.Build.0 = Release|Any CPU
		{2B139BB1-1A26-463C-87A1-9FB9CE9C0BC6}.Debug|Any CPU.ActiveCfg = Debug|Any CPU
		{2B139BB1-1A26-463C-87A1-9FB9CE9C0BC6}.Debug|Any CPU.Build.0 = Debug|Any CPU
		{2B139BB1-1A26-463C-87A1-9FB9CE9C0BC6}.Debug|x64.ActiveCfg = Debug|Any CPU
		{2B139BB1-1A26-463C-87A1-9FB9CE9C0BC6}.Debug|x64.Build.0 = Debug|Any CPU
		{2B139BB1-1A26-463C-87A1-9FB9CE9C0BC6}.Debug|x86.ActiveCfg = Debug|Any CPU
		{2B139BB1-1A26-463C-87A1-9FB9CE9C0BC6}.Debug|x86.Build.0 = Debug|Any CPU
		{2B139BB1-1A26-463C-87A1-9FB9CE9C0BC6}.Release|Any CPU.ActiveCfg = Release|Any CPU
		{2B139BB1-1A26-463C-87A1-9FB9CE9C0BC6}.Release|Any CPU.Build.0 = Release|Any CPU
		{2B139BB1-1A26-463C-87A1-9FB9CE9C0BC6}.Release|x64.ActiveCfg = Release|Any CPU
		{2B139BB1-1A26-463C-87A1-9FB9CE9C0BC6}.Release|x64.Build.0 = Release|Any CPU
		{2B139BB1-1A26-463C-87A1-9FB9CE9C0BC6}.Release|x86.ActiveCfg = Release|Any CPU
		{2B139BB1-1A26-463C-87A1-9FB9CE9C0BC6}.Release|x86.Build.0 = Release|Any CPU
		{20296734-5F3C-4593-A0D5-DD20B440B13A}.Debug|Any CPU.ActiveCfg = Debug|Any CPU
		{20296734-5F3C-4593-A0D5-DD20B440B13A}.Debug|Any CPU.Build.0 = Debug|Any CPU
		{20296734-5F3C-4593-A0D5-DD20B440B13A}.Debug|x64.ActiveCfg = Debug|Any CPU
		{20296734-5F3C-4593-A0D5-DD20B440B13A}.Debug|x64.Build.0 = Debug|Any CPU
		{20296734-5F3C-4593-A0D5-DD20B440B13A}.Debug|x86.ActiveCfg = Debug|x86
		{20296734-5F3C-4593-A0D5-DD20B440B13A}.Debug|x86.Build.0 = Debug|x86
		{20296734-5F3C-4593-A0D5-DD20B440B13A}.Release|Any CPU.ActiveCfg = Release|Any CPU
		{20296734-5F3C-4593-A0D5-DD20B440B13A}.Release|Any CPU.Build.0 = Release|Any CPU
		{20296734-5F3C-4593-A0D5-DD20B440B13A}.Release|x64.ActiveCfg = Release|Any CPU
		{20296734-5F3C-4593-A0D5-DD20B440B13A}.Release|x64.Build.0 = Release|Any CPU
		{20296734-5F3C-4593-A0D5-DD20B440B13A}.Release|x86.ActiveCfg = Release|x86
		{20296734-5F3C-4593-A0D5-DD20B440B13A}.Release|x86.Build.0 = Release|x86
		{5BF99E99-676B-4DEC-A3F8-5F980AF16748}.Debug|Any CPU.ActiveCfg = Debug|Any CPU
		{5BF99E99-676B-4DEC-A3F8-5F980AF16748}.Debug|Any CPU.Build.0 = Debug|Any CPU
		{5BF99E99-676B-4DEC-A3F8-5F980AF16748}.Debug|x64.ActiveCfg = Debug|x64
		{5BF99E99-676B-4DEC-A3F8-5F980AF16748}.Debug|x64.Build.0 = Debug|x64
		{5BF99E99-676B-4DEC-A3F8-5F980AF16748}.Debug|x86.ActiveCfg = Debug|x86
		{5BF99E99-676B-4DEC-A3F8-5F980AF16748}.Debug|x86.Build.0 = Debug|x86
		{5BF99E99-676B-4DEC-A3F8-5F980AF16748}.Release|Any CPU.ActiveCfg = Release|Any CPU
		{5BF99E99-676B-4DEC-A3F8-5F980AF16748}.Release|Any CPU.Build.0 = Release|Any CPU
		{5BF99E99-676B-4DEC-A3F8-5F980AF16748}.Release|x64.ActiveCfg = Release|x64
		{5BF99E99-676B-4DEC-A3F8-5F980AF16748}.Release|x64.Build.0 = Release|x64
		{5BF99E99-676B-4DEC-A3F8-5F980AF16748}.Release|x86.ActiveCfg = Release|x86
		{5BF99E99-676B-4DEC-A3F8-5F980AF16748}.Release|x86.Build.0 = Release|x86
	EndGlobalSection
	GlobalSection(SolutionProperties) = preSolution
		HideSolutionNode = FALSE
	EndGlobalSection
	GlobalSection(NestedProjects) = preSolution
		{D0C39D9D-BED0-418B-9A5E-713176CAF40C} = {807E4BED-1ED4-4BFF-ACF8-B61C987AD8BE}
		{E06DEF77-F933-42FB-AFD7-DB2D0D8D6A98} = {807E4BED-1ED4-4BFF-ACF8-B61C987AD8BE}
		{2B139BB1-1A26-463C-87A1-9FB9CE9C0BC6} = {44F34115-DAC9-41EC-8E8B-24784BD68FBE}
		{20296734-5F3C-4593-A0D5-DD20B440B13A} = {CF9EF670-709C-45A3-9A36-017576B40C36}
		{5BF99E99-676B-4DEC-A3F8-5F980AF16748} = {CF9EF670-709C-45A3-9A36-017576B40C36}
	EndGlobalSection
	GlobalSection(ExtensibilityGlobals) = postSolution
		SolutionGuid = {E670183E-6B3A-47A6-BA62-8D94C049272D}
	EndGlobalSection
EndGlobal
